
Microsoft Visual Studio Solution File, Format Version 12.00
# Visual Studio Version 17
VisualStudioVersion = 17.8.34322.80
MinimumVisualStudioVersion = 10.0.40219.1
Project("{FAE04EC0-301F-11D3-BF4B-00C04F79EFBC}") = "MakeUseOfActionDelegate", "MakeUseOfActionAndFuncDelegate\MakeUseOfActionDelegate.csproj", "{29247854-BE0E-496C-99F2-4B5A0F822721}"
EndProject
Global
	GlobalSection(SolutionConfigurationPlatforms) = preSolution
		Debug|Any CPU = Debug|Any CPU
		Release|Any CPU = Release|Any CPU
	EndGlobalSection
	GlobalSection(ProjectConfigurationPlatforms) = postSolution
		{29247854-BE0E-496C-99F2-4B5A0F822721}.Debug|Any CPU.ActiveCfg = Debug|Any CPU
		{29247854-BE0E-496C-99F2-4B5A0F822721}.Debug|Any CPU.Build.0 = Debug|Any CPU
		{29247854-BE0E-496C-99F2-4B5A0F822721}.Release|Any CPU.ActiveCfg = Release|Any CPU
		{29247854-BE0E-496C-99F2-4B5A0F822721}.Release|Any CPU.Build.0 = Release|Any CPU
	EndGlobalSection
	GlobalSection(SolutionProperties) = preSolution
		HideSolutionNode = FALSE
	EndGlobalSection
	GlobalSection(ExtensibilityGlobals) = postSolution
		SolutionGuid = {0FEE59BF-AA38-4B6B-A1B6-0EB888DBEEA3}
	EndGlobalSection
EndGlobal
